
Microsoft Visual Studio Solution File, Format Version 12.00
# Visual Studio Version 17
VisualStudioVersion = 17.8.34330.188
MinimumVisualStudioVersion = 10.0.40219.1
Project("{FAE04EC0-301F-11D3-BF4B-00C04F79EFBC}") = "Patterns_lab_4", "Patterns_lab_4\Patterns_lab_4.csproj", "{71F40013-22A6-471C-A062-9B15FBFCC97B}"
EndProject
Global
	GlobalSection(SolutionConfigurationPlatforms) = preSolution
		Debug|Any CPU = Debug|Any CPU
		Release|Any CPU = Release|Any CPU
	EndGlobalSection
	GlobalSection(ProjectConfigurationPlatforms) = postSolution
		{71F40013-22A6-471C-A062-9B15FBFCC97B}.Debug|Any CPU.ActiveCfg = Debug|Any CPU
		{71F40013-22A6-471C-A062-9B15FBFCC97B}.Debug|Any CPU.Build.0 = Debug|Any CPU
		{71F40013-22A6-471C-A062-9B15FBFCC97B}.Release|Any CPU.ActiveCfg = Release|Any CPU
		{71F40013-22A6-471C-A062-9B15FBFCC97B}.Release|Any CPU.Build.0 = Release|Any CPU
	EndGlobalSection
	GlobalSection(SolutionProperties) = preSolution
		HideSolutionNode = FALSE
	EndGlobalSection
	GlobalSection(ExtensibilityGlobals) = postSolution
		SolutionGuid = {6617FFAB-1EF7-47C7-A8B4-50358C087F6E}
	EndGlobalSection
EndGlobal
